// !$*UTF8*$!
{
	archiveVersion = 1;
	classes = {
	};
	objectVersion = 77;
	objects = {

/* Begin PBXBuildFile section */
		4A2A1CE62CD5732400A14274 /* CmdC Extension.appex in Embed Foundation Extensions */ = {isa = PBXBuildFile; fileRef = 4A2A1CCD2CD5732400A14274 /* CmdC Extension.appex */; settings = {ATTRIBUTES = (RemoveHeadersOnCopy, ); }; };
		4A2A1CED2CD5735D00A14274 /* Info.plist in Resources */ = {isa = PBXBuildFile; fileRef = 4A2A1CEC2CD5735300A14274 /* Info.plist */; };
		4A42EECD2CD8E2D100EA54A8 /* Readme.md in Resources */ = {isa = PBXBuildFile; fileRef = 4A42EECC2CD8E2B900EA54A8 /* Readme.md */; };
/* End PBXBuildFile section */

/* Begin PBXContainerItemProxy section */
		4A2A1CAD2CD572EC00A14274 /* PBXContainerItemProxy */ = {
			isa = PBXContainerItemProxy;
			containerPortal = 4A2A1C932CD572EA00A14274 /* Project object */;
			proxyType = 1;
			remoteGlobalIDString = 4A2A1C9A2CD572EA00A14274;
			remoteInfo = CmdC;
		};
		4A2A1CB72CD572EC00A14274 /* PBXContainerItemProxy */ = {
			isa = PBXContainerItemProxy;
			containerPortal = 4A2A1C932CD572EA00A14274 /* Project object */;
			proxyType = 1;
			remoteGlobalIDString = 4A2A1C9A2CD572EA00A14274;
			remoteInfo = CmdC;
		};
		4A2A1CE42CD5732400A14274 /* PBXContainerItemProxy */ = {
			isa = PBXContainerItemProxy;
			containerPortal = 4A2A1C932CD572EA00A14274 /* Project object */;
			proxyType = 1;
			remoteGlobalIDString = 4A2A1CCC2CD5732400A14274;
			remoteInfo = "CmdC Extension";
		};
/* End PBXContainerItemProxy section */

/* Begin PBXCopyFilesBuildPhase section */
		4A2A1CEB2CD5732400A14274 /* Embed Foundation Extensions */ = {
			isa = PBXCopyFilesBuildPhase;
			buildActionMask = 2147483647;
			dstPath = "";
			dstSubfolderSpec = 13;
			files = (
				4A2A1CE62CD5732400A14274 /* CmdC Extension.appex in Embed Foundation Extensions */,
			);
			name = "Embed Foundation Extensions";
			runOnlyForDeploymentPostprocessing = 0;
		};
/* End PBXCopyFilesBuildPhase section */

/* Begin PBXFileReference section */
		4A2A1C9B2CD572EA00A14274 /* CmdC.app */ = {isa = PBXFileReference; explicitFileType = wrapper.application; includeInIndex = 0; path = CmdC.app; sourceTree = BUILT_PRODUCTS_DIR; };
		4A2A1CAC2CD572EC00A14274 /* CmdCTests.xctest */ = {isa = PBXFileReference; explicitFileType = wrapper.cfbundle; includeInIndex = 0; path = CmdCTests.xctest; sourceTree = BUILT_PRODUCTS_DIR; };
		4A2A1CB62CD572EC00A14274 /* CmdCUITests.xctest */ = {isa = PBXFileReference; explicitFileType = wrapper.cfbundle; includeInIndex = 0; path = CmdCUITests.xctest; sourceTree = BUILT_PRODUCTS_DIR; };
		4A2A1CCD2CD5732400A14274 /* CmdC Extension.appex */ = {isa = PBXFileReference; explicitFileType = "wrapper.app-extension"; includeInIndex = 0; path = "CmdC Extension.appex"; sourceTree = BUILT_PRODUCTS_DIR; };
		4A2A1CEC2CD5735300A14274 /* Info.plist */ = {isa = PBXFileReference; lastKnownFileType = text.plist; path = Info.plist; sourceTree = "<group>"; };
		4A42EECC2CD8E2B900EA54A8 /* Readme.md */ = {isa = PBXFileReference; lastKnownFileType = net.daringfireball.markdown; path = Readme.md; sourceTree = "<group>"; };
/* End PBXFileReference section */

/* Begin PBXFileSystemSynchronizedBuildFileExceptionSet section */
		4A2A1CE72CD5732400A14274 /* Exceptions for "CmdC Extension" folder in "CmdC Extension" target */ = {
			isa = PBXFileSystemSynchronizedBuildFileExceptionSet;
			membershipExceptions = (
				Info.plist,
			);
			target = 4A2A1CCC2CD5732400A14274 /* CmdC Extension */;
		};
/* End PBXFileSystemSynchronizedBuildFileExceptionSet section */

/* Begin PBXFileSystemSynchronizedRootGroup section */
		4A2A1C9D2CD572EA00A14274 /* CmdC */ = {
			isa = PBXFileSystemSynchronizedRootGroup;
			path = CmdC;
			sourceTree = "<group>";
		};
		4A2A1CAF2CD572EC00A14274 /* CmdCTests */ = {
			isa = PBXFileSystemSynchronizedRootGroup;
			path = CmdCTests;
			sourceTree = "<group>";
		};
		4A2A1CB92CD572EC00A14274 /* CmdCUITests */ = {
			isa = PBXFileSystemSynchronizedRootGroup;
			path = CmdCUITests;
			sourceTree = "<group>";
		};
		4A2A1CCE2CD5732400A14274 /* CmdC Extension */ = {
			isa = PBXFileSystemSynchronizedRootGroup;
			exceptions = (
				4A2A1CE72CD5732400A14274 /* Exceptions for "CmdC Extension" folder in "CmdC Extension" target */,
			);
			explicitFolders = (
				Resources/_locales,
				Resources/images,
			);
			path = "CmdC Extension";
			sourceTree = "<group>";
		};
/* End PBXFileSystemSynchronizedRootGroup section */

/* Begin PBXFrameworksBuildPhase section */
		4A2A1C982CD572EA00A14274 /* Frameworks */ = {
			isa = PBXFrameworksBuildPhase;
			buildActionMask = 2147483647;
			files = (
			);
			runOnlyForDeploymentPostprocessing = 0;
		};
		4A2A1CA92CD572EC00A14274 /* Frameworks */ = {
			isa = PBXFrameworksBuildPhase;
			buildActionMask = 2147483647;
			files = (
			);
			runOnlyForDeploymentPostprocessing = 0;
		};
		4A2A1CB32CD572EC00A14274 /* Frameworks */ = {
			isa = PBXFrameworksBuildPhase;
			buildActionMask = 2147483647;
			files = (
			);
			runOnlyForDeploymentPostprocessing = 0;
		};
		4A2A1CCA2CD5732400A14274 /* Frameworks */ = {
			isa = PBXFrameworksBuildPhase;
			buildActionMask = 2147483647;
			files = (
			);
			runOnlyForDeploymentPostprocessing = 0;
		};
/* End PBXFrameworksBuildPhase section */

/* Begin PBXGroup section */
		4A2A1C922CD572EA00A14274 = {
			isa = PBXGroup;
			children = (
				4A42EECC2CD8E2B900EA54A8 /* Readme.md */,
				4A2A1C9D2CD572EA00A14274 /* CmdC */,
				4A2A1CAF2CD572EC00A14274 /* CmdCTests */,
				4A2A1CB92CD572EC00A14274 /* CmdCUITests */,
				4A2A1CCE2CD5732400A14274 /* CmdC Extension */,
				4A2A1C9C2CD572EA00A14274 /* Products */,
				4A2A1CEC2CD5735300A14274 /* Info.plist */,
			);
			sourceTree = "<group>";
		};
		4A2A1C9C2CD572EA00A14274 /* Products */ = {
			isa = PBXGroup;
			children = (
				4A2A1C9B2CD572EA00A14274 /* CmdC.app */,
				4A2A1CAC2CD572EC00A14274 /* CmdCTests.xctest */,
				4A2A1CB62CD572EC00A14274 /* CmdCUITests.xctest */,
				4A2A1CCD2CD5732400A14274 /* CmdC Extension.appex */,
			);
			name = Products;
			sourceTree = "<group>";
		};
/* End PBXGroup section */

/* Begin PBXNativeTarget section */
		4A2A1C9A2CD572EA00A14274 /* CmdC */ = {
			isa = PBXNativeTarget;
			buildConfigurationList = 4A2A1CC02CD572EC00A14274 /* Build configuration list for PBXNativeTarget "CmdC" */;
			buildPhases = (
				4A2A1C972CD572EA00A14274 /* Sources */,
				4A2A1C982CD572EA00A14274 /* Frameworks */,
				4A2A1C992CD572EA00A14274 /* Resources */,
				4A2A1CEB2CD5732400A14274 /* Embed Foundation Extensions */,
			);
			buildRules = (
			);
			dependencies = (
				4A2A1CE52CD5732400A14274 /* PBXTargetDependency */,
			);
			fileSystemSynchronizedGroups = (
				4A2A1C9D2CD572EA00A14274 /* CmdC */,
			);
			name = CmdC;
			packageProductDependencies = (
			);
			productName = CmdC;
			productReference = 4A2A1C9B2CD572EA00A14274 /* CmdC.app */;
			productType = "com.apple.product-type.application";
		};
		4A2A1CAB2CD572EC00A14274 /* CmdCTests */ = {
			isa = PBXNativeTarget;
			buildConfigurationList = 4A2A1CC32CD572EC00A14274 /* Build configuration list for PBXNativeTarget "CmdCTests" */;
			buildPhases = (
				4A2A1CA82CD572EC00A14274 /* Sources */,
				4A2A1CA92CD572EC00A14274 /* Frameworks */,
				4A2A1CAA2CD572EC00A14274 /* Resources */,
			);
			buildRules = (
			);
			dependencies = (
				4A2A1CAE2CD572EC00A14274 /* PBXTargetDependency */,
			);
			fileSystemSynchronizedGroups = (
				4A2A1CAF2CD572EC00A14274 /* CmdCTests */,
			);
			name = CmdCTests;
			packageProductDependencies = (
			);
			productName = CmdCTests;
			productReference = 4A2A1CAC2CD572EC00A14274 /* CmdCTests.xctest */;
			productType = "com.apple.product-type.bundle.unit-test";
		};
		4A2A1CB52CD572EC00A14274 /* CmdCUITests */ = {
			isa = PBXNativeTarget;
			buildConfigurationList = 4A2A1CC62CD572EC00A14274 /* Build configuration list for PBXNativeTarget "CmdCUITests" */;
			buildPhases = (
				4A2A1CB22CD572EC00A14274 /* Sources */,
				4A2A1CB32CD572EC00A14274 /* Frameworks */,
				4A2A1CB42CD572EC00A14274 /* Resources */,
			);
			buildRules = (
			);
			dependencies = (
				4A2A1CB82CD572EC00A14274 /* PBXTargetDependency */,
			);
			fileSystemSynchronizedGroups = (
				4A2A1CB92CD572EC00A14274 /* CmdCUITests */,
			);
			name = CmdCUITests;
			packageProductDependencies = (
			);
			productName = CmdCUITests;
			productReference = 4A2A1CB62CD572EC00A14274 /* CmdCUITests.xctest */;
			productType = "com.apple.product-type.bundle.ui-testing";
		};
		4A2A1CCC2CD5732400A14274 /* CmdC Extension */ = {
			isa = PBXNativeTarget;
			buildConfigurationList = 4A2A1CE82CD5732400A14274 /* Build configuration list for PBXNativeTarget "CmdC Extension" */;
			buildPhases = (
				4A2A1CC92CD5732400A14274 /* Sources */,
				4A2A1CCA2CD5732400A14274 /* Frameworks */,
				4A2A1CCB2CD5732400A14274 /* Resources */,
			);
			buildRules = (
			);
			dependencies = (
			);
			fileSystemSynchronizedGroups = (
				4A2A1CCE2CD5732400A14274 /* CmdC Extension */,
			);
			name = "CmdC Extension";
			packageProductDependencies = (
			);
			productName = "CmdC Extension";
			productReference = 4A2A1CCD2CD5732400A14274 /* CmdC Extension.appex */;
			productType = "com.apple.product-type.app-extension";
		};
/* End PBXNativeTarget section */

/* Begin PBXProject section */
		4A2A1C932CD572EA00A14274 /* Project object */ = {
			isa = PBXProject;
			attributes = {
				BuildIndependentTargetsInParallel = 1;
				LastSwiftUpdateCheck = 1610;
				LastUpgradeCheck = 1610;
				TargetAttributes = {
					4A2A1C9A2CD572EA00A14274 = {
						CreatedOnToolsVersion = 16.1;
					};
					4A2A1CAB2CD572EC00A14274 = {
						CreatedOnToolsVersion = 16.1;
						TestTargetID = 4A2A1C9A2CD572EA00A14274;
					};
					4A2A1CB52CD572EC00A14274 = {
						CreatedOnToolsVersion = 16.1;
						TestTargetID = 4A2A1C9A2CD572EA00A14274;
					};
					4A2A1CCC2CD5732400A14274 = {
						CreatedOnToolsVersion = 16.1;
					};
				};
			};
			buildConfigurationList = 4A2A1C962CD572EA00A14274 /* Build configuration list for PBXProject "CmdC" */;
			developmentRegion = en;
			hasScannedForEncodings = 0;
			knownRegions = (
				en,
				Base,
			);
			mainGroup = 4A2A1C922CD572EA00A14274;
			minimizedProjectReferenceProxies = 1;
			preferredProjectObjectVersion = 77;
			productRefGroup = 4A2A1C9C2CD572EA00A14274 /* Products */;
			projectDirPath = "";
			projectRoot = "";
			targets = (
				4A2A1C9A2CD572EA00A14274 /* CmdC */,
				4A2A1CAB2CD572EC00A14274 /* CmdCTests */,
				4A2A1CB52CD572EC00A14274 /* CmdCUITests */,
				4A2A1CCC2CD5732400A14274 /* CmdC Extension */,
			);
		};
/* End PBXProject section */

/* Begin PBXResourcesBuildPhase section */
		4A2A1C992CD572EA00A14274 /* Resources */ = {
			isa = PBXResourcesBuildPhase;
			buildActionMask = 2147483647;
			files = (
				4A42EECD2CD8E2D100EA54A8 /* Readme.md in Resources */,
				4A2A1CED2CD5735D00A14274 /* Info.plist in Resources */,
			);
			runOnlyForDeploymentPostprocessing = 0;
		};
		4A2A1CAA2CD572EC00A14274 /* Resources */ = {
			isa = PBXResourcesBuildPhase;
			buildActionMask = 2147483647;
			files = (
			);
			runOnlyForDeploymentPostprocessing = 0;
		};
		4A2A1CB42CD572EC00A14274 /* Resources */ = {
			isa = PBXResourcesBuildPhase;
			buildActionMask = 2147483647;
			files = (
			);
			runOnlyForDeploymentPostprocessing = 0;
		};
		4A2A1CCB2CD5732400A14274 /* Resources */ = {
			isa = PBXResourcesBuildPhase;
			buildActionMask = 2147483647;
			files = (
			);
			runOnlyForDeploymentPostprocessing = 0;
		};
/* End PBXResourcesBuildPhase section */

/* Begin PBXSourcesBuildPhase section */
		4A2A1C972CD572EA00A14274 /* Sources */ = {
			isa = PBXSourcesBuildPhase;
			buildActionMask = 2147483647;
			files = (
			);
			runOnlyForDeploymentPostprocessing = 0;
		};
		4A2A1CA82CD572EC00A14274 /* Sources */ = {
			isa = PBXSourcesBuildPhase;
			buildActionMask = 2147483647;
			files = (
			);
			runOnlyForDeploymentPostprocessing = 0;
		};
		4A2A1CB22CD572EC00A14274 /* Sources */ = {
			isa = PBXSourcesBuildPhase;
			buildActionMask = 2147483647;
			files = (
			);
			runOnlyForDeploymentPostprocessing = 0;
		};
		4A2A1CC92CD5732400A14274 /* Sources */ = {
			isa = PBXSourcesBuildPhase;
			buildActionMask = 2147483647;
			files = (
			);
			runOnlyForDeploymentPostprocessing = 0;
		};
/* End PBXSourcesBuildPhase section */

/* Begin PBXTargetDependency section */
		4A2A1CAE2CD572EC00A14274 /* PBXTargetDependency */ = {
			isa = PBXTargetDependency;
			target = 4A2A1C9A2CD572EA00A14274 /* CmdC */;
			targetProxy = 4A2A1CAD2CD572EC00A14274 /* PBXContainerItemProxy */;
		};
		4A2A1CB82CD572EC00A14274 /* PBXTargetDependency */ = {
			isa = PBXTargetDependency;
			target = 4A2A1C9A2CD572EA00A14274 /* CmdC */;
			targetProxy = 4A2A1CB72CD572EC00A14274 /* PBXContainerItemProxy */;
		};
		4A2A1CE52CD5732400A14274 /* PBXTargetDependency */ = {
			isa = PBXTargetDependency;
			target = 4A2A1CCC2CD5732400A14274 /* CmdC Extension */;
			targetProxy = 4A2A1CE42CD5732400A14274 /* PBXContainerItemProxy */;
		};
/* End PBXTargetDependency section */

/* Begin XCBuildConfiguration section */
		4A2A1CBE2CD572EC00A14274 /* Debug */ = {
			isa = XCBuildConfiguration;
			buildSettings = {
				ALWAYS_SEARCH_USER_PATHS = NO;
				ASSETCATALOG_COMPILER_GENERATE_SWIFT_ASSET_SYMBOL_EXTENSIONS = YES;
				CLANG_ANALYZER_NONNULL = YES;
				CLANG_ANALYZER_NUMBER_OBJECT_CONVERSION = YES_AGGRESSIVE;
				CLANG_CXX_LANGUAGE_STANDARD = "gnu++20";
				CLANG_ENABLE_MODULES = YES;
				CLANG_ENABLE_OBJC_ARC = YES;
				CLANG_ENABLE_OBJC_WEAK = YES;
				CLANG_WARN_BLOCK_CAPTURE_AUTORELEASING = YES;
				CLANG_WARN_BOOL_CONVERSION = YES;
				CLANG_WARN_COMMA = YES;
				CLANG_WARN_CONSTANT_CONVERSION = YES;
				CLANG_WARN_DEPRECATED_OBJC_IMPLEMENTATIONS = YES;
				CLANG_WARN_DIRECT_OBJC_ISA_USAGE = YES_ERROR;
				CLANG_WARN_DOCUMENTATION_COMMENTS = YES;
				CLANG_WARN_EMPTY_BODY = YES;
				CLANG_WARN_ENUM_CONVERSION = YES;
				CLANG_WARN_INFINITE_RECURSION = YES;
				CLANG_WARN_INT_CONVERSION = YES;
				CLANG_WARN_NON_LITERAL_NULL_CONVERSION = YES;
				CLANG_WARN_OBJC_IMPLICIT_RETAIN_SELF = YES;
				CLANG_WARN_OBJC_LITERAL_CONVERSION = YES;
				CLANG_WARN_OBJC_ROOT_CLASS = YES_ERROR;
				CLANG_WARN_QUOTED_INCLUDE_IN_FRAMEWORK_HEADER = YES;
				CLANG_WARN_RANGE_LOOP_ANALYSIS = YES;
				CLANG_WARN_STRICT_PROTOTYPES = YES;
				CLANG_WARN_SUSPICIOUS_MOVE = YES;
				CLANG_WARN_UNGUARDED_AVAILABILITY = YES_AGGRESSIVE;
				CLANG_WARN_UNREACHABLE_CODE = YES;
				CLANG_WARN__DUPLICATE_METHOD_MATCH = YES;
				COPY_PHASE_STRIP = NO;
				DEBUG_INFORMATION_FORMAT = dwarf;
				ENABLE_STRICT_OBJC_MSGSEND = YES;
				ENABLE_TESTABILITY = YES;
				ENABLE_USER_SCRIPT_SANDBOXING = YES;
				GCC_C_LANGUAGE_STANDARD = gnu17;
				GCC_DYNAMIC_NO_PIC = NO;
				GCC_NO_COMMON_BLOCKS = YES;
				GCC_OPTIMIZATION_LEVEL = 0;
				GCC_PREPROCESSOR_DEFINITIONS = (
					"DEBUG=1",
					"$(inherited)",
				);
				GCC_WARN_64_TO_32_BIT_CONVERSION = YES;
				GCC_WARN_ABOUT_RETURN_TYPE = YES_ERROR;
				GCC_WARN_UNDECLARED_SELECTOR = YES;
				GCC_WARN_UNINITIALIZED_AUTOS = YES_AGGRESSIVE;
				GCC_WARN_UNUSED_FUNCTION = YES;
				GCC_WARN_UNUSED_VARIABLE = YES;
				LOCALIZATION_PREFERS_STRING_CATALOGS = YES;
				MACOSX_DEPLOYMENT_TARGET = 15.0;
				MTL_ENABLE_DEBUG_INFO = INCLUDE_SOURCE;
				MTL_FAST_MATH = YES;
				ONLY_ACTIVE_ARCH = YES;
				SDKROOT = macosx;
				SWIFT_ACTIVE_COMPILATION_CONDITIONS = "DEBUG $(inherited)";
				SWIFT_OPTIMIZATION_LEVEL = "-Onone";
			};
			name = Debug;
		};
		4A2A1CBF2CD572EC00A14274 /* Release */ = {
			isa = XCBuildConfiguration;
			buildSettings = {
				ALWAYS_SEARCH_USER_PATHS = NO;
				ASSETCATALOG_COMPILER_GENERATE_SWIFT_ASSET_SYMBOL_EXTENSIONS = YES;
				CLANG_ANALYZER_NONNULL = YES;
				CLANG_ANALYZER_NUMBER_OBJECT_CONVERSION = YES_AGGRESSIVE;
				CLANG_CXX_LANGUAGE_STANDARD = "gnu++20";
				CLANG_ENABLE_MODULES = YES;
				CLANG_ENABLE_OBJC_ARC = YES;
				CLANG_ENABLE_OBJC_WEAK = YES;
				CLANG_WARN_BLOCK_CAPTURE_AUTORELEASING = YES;
				CLANG_WARN_BOOL_CONVERSION = YES;
				CLANG_WARN_COMMA = YES;
				CLANG_WARN_CONSTANT_CONVERSION = YES;
				CLANG_WARN_DEPRECATED_OBJC_IMPLEMENTATIONS = YES;
				CLANG_WARN_DIRECT_OBJC_ISA_USAGE = YES_ERROR;
				CLANG_WARN_DOCUMENTATION_COMMENTS = YES;
				CLANG_WARN_EMPTY_BODY = YES;
				CLANG_WARN_ENUM_CONVERSION = YES;
				CLANG_WARN_INFINITE_RECURSION = YES;
				CLANG_WARN_INT_CONVERSION = YES;
				CLANG_WARN_NON_LITERAL_NULL_CONVERSION = YES;
				CLANG_WARN_OBJC_IMPLICIT_RETAIN_SELF = YES;
				CLANG_WARN_OBJC_LITERAL_CONVERSION = YES;
				CLANG_WARN_OBJC_ROOT_CLASS = YES_ERROR;
				CLANG_WARN_QUOTED_INCLUDE_IN_FRAMEWORK_HEADER = YES;
				CLANG_WARN_RANGE_LOOP_ANALYSIS = YES;
				CLANG_WARN_STRICT_PROTOTYPES = YES;
				CLANG_WARN_SUSPICIOUS_MOVE = YES;
				CLANG_WARN_UNGUARDED_AVAILABILITY = YES_AGGRESSIVE;
				CLANG_WARN_UNREACHABLE_CODE = YES;
				CLANG_WARN__DUPLICATE_METHOD_MATCH = YES;
				COPY_PHASE_STRIP = NO;
				DEBUG_INFORMATION_FORMAT = "dwarf-with-dsym";
				ENABLE_NS_ASSERTIONS = NO;
				ENABLE_STRICT_OBJC_MSGSEND = YES;
				ENABLE_USER_SCRIPT_SANDBOXING = YES;
				GCC_C_LANGUAGE_STANDARD = gnu17;
				GCC_NO_COMMON_BLOCKS = YES;
				GCC_WARN_64_TO_32_BIT_CONVERSION = YES;
				GCC_WARN_ABOUT_RETURN_TYPE = YES_ERROR;
				GCC_WARN_UNDECLARED_SELECTOR = YES;
				GCC_WARN_UNINITIALIZED_AUTOS = YES_AGGRESSIVE;
				GCC_WARN_UNUSED_FUNCTION = YES;
				GCC_WARN_UNUSED_VARIABLE = YES;
				LOCALIZATION_PREFERS_STRING_CATALOGS = YES;
				MACOSX_DEPLOYMENT_TARGET = 15.0;
				MTL_ENABLE_DEBUG_INFO = NO;
				MTL_FAST_MATH = YES;
				SDKROOT = macosx;
				SWIFT_COMPILATION_MODE = wholemodule;
			};
			name = Release;
		};
		4A2A1CC12CD572EC00A14274 /* Debug */ = {
			isa = XCBuildConfiguration;
			buildSettings = {
				ASSETCATALOG_COMPILER_APPICON_NAME = AppIcon;
				ASSETCATALOG_COMPILER_GLOBAL_ACCENT_COLOR_NAME = AccentColor;
				CODE_SIGN_ENTITLEMENTS = CmdC/CmdC.entitlements;
				CODE_SIGN_STYLE = Automatic;
				COMBINE_HIDPI_IMAGES = YES;
				CURRENT_PROJECT_VERSION = 1;
				DEVELOPMENT_ASSET_PATHS = "\"CmdC/Preview Content\"";
				DEVELOPMENT_TEAM = 792L89JQN6;
				ENABLE_HARDENED_RUNTIME = YES;
				ENABLE_PREVIEWS = YES;
				GENERATE_INFOPLIST_FILE = YES;
				INFOPLIST_KEY_NSHumanReadableCopyright = "";
				LD_RUNPATH_SEARCH_PATHS = (
					"$(inherited)",
					"@executable_path/../Frameworks",
				);
				MARKETING_VERSION = 1.0;
				PRODUCT_BUNDLE_IDENTIFIER = hoomans.CmdC;
				PRODUCT_NAME = "$(TARGET_NAME)";
				SWIFT_EMIT_LOC_STRINGS = YES;
				SWIFT_VERSION = 5.0;
			};
			name = Debug;
		};
		4A2A1CC22CD572EC00A14274 /* Release */ = {
			isa = XCBuildConfiguration;
			buildSettings = {
				ASSETCATALOG_COMPILER_APPICON_NAME = AppIcon;
				ASSETCATALOG_COMPILER_GLOBAL_ACCENT_COLOR_NAME = AccentColor;
				CODE_SIGN_ENTITLEMENTS = CmdC/CmdC.entitlements;
				CODE_SIGN_STYLE = Automatic;
				COMBINE_HIDPI_IMAGES = YES;
				CURRENT_PROJECT_VERSION = 1;
				DEVELOPMENT_ASSET_PATHS = "\"CmdC/Preview Content\"";
				DEVELOPMENT_TEAM = 792L89JQN6;
				ENABLE_HARDENED_RUNTIME = YES;
				ENABLE_PREVIEWS = YES;
				GENERATE_INFOPLIST_FILE = YES;
				INFOPLIST_KEY_NSHumanReadableCopyright = "";
				LD_RUNPATH_SEARCH_PATHS = (
					"$(inherited)",
					"@executable_path/../Frameworks",
				);
				MARKETING_VERSION = 1.0;
				PRODUCT_BUNDLE_IDENTIFIER = hoomans.CmdC;
				PRODUCT_NAME = "$(TARGET_NAME)";
				SWIFT_EMIT_LOC_STRINGS = YES;
				SWIFT_VERSION = 5.0;
			};
			name = Release;
		};
		4A2A1CC42CD572EC00A14274 /* Debug */ = {
			isa = XCBuildConfiguration;
			buildSettings = {
				BUNDLE_LOADER = "$(TEST_HOST)";
				CODE_SIGN_STYLE = Automatic;
				CURRENT_PROJECT_VERSION = 1;
				DEVELOPMENT_TEAM = 792L89JQN6;
				GENERATE_INFOPLIST_FILE = YES;
				MACOSX_DEPLOYMENT_TARGET = 15.0;
				MARKETING_VERSION = 1.0;
				PRODUCT_BUNDLE_IDENTIFIER = hoomans.CmdCTests;
				PRODUCT_NAME = "$(TARGET_NAME)";
				SWIFT_EMIT_LOC_STRINGS = NO;
				SWIFT_VERSION = 5.0;
				TEST_HOST = "$(BUILT_PRODUCTS_DIR)/CmdC.app/$(BUNDLE_EXECUTABLE_FOLDER_PATH)/CmdC";
			};
			name = Debug;
		};
		4A2A1CC52CD572EC00A14274 /* Release */ = {
			isa = XCBuildConfiguration;
			buildSettings = {
				BUNDLE_LOADER = "$(TEST_HOST)";
				CODE_SIGN_STYLE = Automatic;
				CURRENT_PROJECT_VERSION = 1;
				DEVELOPMENT_TEAM = 792L89JQN6;
				GENERATE_INFOPLIST_FILE = YES;
				MACOSX_DEPLOYMENT_TARGET = 15.0;
				MARKETING_VERSION = 1.0;
				PRODUCT_BUNDLE_IDENTIFIER = hoomans.CmdCTests;
				PRODUCT_NAME = "$(TARGET_NAME)";
				SWIFT_EMIT_LOC_STRINGS = NO;
				SWIFT_VERSION = 5.0;
				TEST_HOST = "$(BUILT_PRODUCTS_DIR)/CmdC.app/$(BUNDLE_EXECUTABLE_FOLDER_PATH)/CmdC";
			};
			name = Release;
		};
		4A2A1CC72CD572EC00A14274 /* Debug */ = {
			isa = XCBuildConfiguration;
			buildSettings = {
				CODE_SIGN_STYLE = Automatic;
				CURRENT_PROJECT_VERSION = 1;
				DEVELOPMENT_TEAM = 792L89JQN6;
				GENERATE_INFOPLIST_FILE = YES;
				MARKETING_VERSION = 1.0;
				PRODUCT_BUNDLE_IDENTIFIER = hoomans.CmdCUITests;
				PRODUCT_NAME = "$(TARGET_NAME)";
				SWIFT_EMIT_LOC_STRINGS = NO;
				SWIFT_VERSION = 5.0;
				TEST_TARGET_NAME = CmdC;
			};
			name = Debug;
		};
		4A2A1CC82CD572EC00A14274 /* Release */ = {
			isa = XCBuildConfiguration;
			buildSettings = {
				CODE_SIGN_STYLE = Automatic;
				CURRENT_PROJECT_VERSION = 1;
				DEVELOPMENT_TEAM = 792L89JQN6;
				GENERATE_INFOPLIST_FILE = YES;
				MARKETING_VERSION = 1.0;
				PRODUCT_BUNDLE_IDENTIFIER = hoomans.CmdCUITests;
				PRODUCT_NAME = "$(TARGET_NAME)";
				SWIFT_EMIT_LOC_STRINGS = NO;
				SWIFT_VERSION = 5.0;
				TEST_TARGET_NAME = CmdC;
			};
			name = Release;
		};
		4A2A1CE92CD5732400A14274 /* Debug */ = {
			isa = XCBuildConfiguration;
			buildSettings = {
				CODE_SIGN_ENTITLEMENTS = "CmdC Extension/CmdC_Extension.entitlements";
				CODE_SIGN_STYLE = Automatic;
				CURRENT_PROJECT_VERSION = 1;
				DEVELOPMENT_TEAM = 792L89JQN6;
				ENABLE_HARDENED_RUNTIME = YES;
				GENERATE_INFOPLIST_FILE = YES;
				INFOPLIST_FILE = "CmdC Extension/Info.plist";
				INFOPLIST_KEY_CFBundleDisplayName = "CmdC Extension";
				INFOPLIST_KEY_NSHumanReadableCopyright = "";
				LD_RUNPATH_SEARCH_PATHS = (
					"$(inherited)",
					"@executable_path/../Frameworks",
					"@executable_path/../../../../Frameworks",
				);
				MACOSX_DEPLOYMENT_TARGET = 10.14;
				MARKETING_VERSION = 1.0;
				OTHER_LDFLAGS = (
					"-framework",
					SafariServices,
				);
				PRODUCT_BUNDLE_IDENTIFIER = "hoomans.CmdC.CmdC-Extension";
				PRODUCT_NAME = "$(TARGET_NAME)";
				SKIP_INSTALL = YES;
				SWIFT_EMIT_LOC_STRINGS = YES;
				SWIFT_VERSION = 5.0;
			};
			name = Debug;
		};
		4A2A1CEA2CD5732400A14274 /* Release */ = {
			isa = XCBuildConfiguration;
			buildSettings = {
				CODE_SIGN_ENTITLEMENTS = "CmdC Extension/CmdC_Extension.entitlements";
				CODE_SIGN_STYLE = Automatic;
				CURRENT_PROJECT_VERSION = 1;
				DEVELOPMENT_TEAM = 792L89JQN6;
				ENABLE_HARDENED_RUNTIME = YES;
				GENERATE_INFOPLIST_FILE = YES;
				INFOPLIST_FILE = "CmdC Extension/Info.plist";
				INFOPLIST_KEY_CFBundleDisplayName = "CmdC Extension";
				INFOPLIST_KEY_NSHumanReadableCopyright = "";
				LD_RUNPATH_SEARCH_PATHS = (
					"$(inherited)",
					"@executable_path/../Frameworks",
					"@executable_path/../../../../Frameworks",
				);
				MACOSX_DEPLOYMENT_TARGET = 10.14;
				MARKETING_VERSION = 1.0;
				OTHER_LDFLAGS = (
					"-framework",
					SafariServices,
				);
				PRODUCT_BUNDLE_IDENTIFIER = "hoomans.CmdC.CmdC-Extension";
				PRODUCT_NAME = "$(TARGET_NAME)";
				SKIP_INSTALL = YES;
				SWIFT_EMIT_LOC_STRINGS = YES;
				SWIFT_VERSION = 5.0;
			};
			name = Release;
		};
/* End XCBuildConfiguration section */

/* Begin XCConfigurationList section */
		4A2A1C962CD572EA00A14274 /* Build configuration list for PBXProject "CmdC" */ = {
			isa = XCConfigurationList;
			buildConfigurations = (
				4A2A1CBE2CD572EC00A14274 /* Debug */,
				4A2A1CBF2CD572EC00A14274 /* Release */,
			);
			defaultConfigurationIsVisible = 0;
			defaultConfigurationName = Release;
		};
		4A2A1CC02CD572EC00A14274 /* Build configuration list for PBXNativeTarget "CmdC" */ = {
			isa = XCConfigurationList;
			buildConfigurations = (
				4A2A1CC12CD572EC00A14274 /* Debug */,
				4A2A1CC22CD572EC00A14274 /* Release */,
			);
			defaultConfigurationIsVisible = 0;
			defaultConfigurationName = Release;
		};
		4A2A1CC32CD572EC00A14274 /* Build configuration list for PBXNativeTarget "CmdCTests" */ = {
			isa = XCConfigurationList;
			buildConfigurations = (
				4A2A1CC42CD572EC00A14274 /* Debug */,
				4A2A1CC52CD572EC00A14274 /* Release */,
			);
			defaultConfigurationIsVisible = 0;
			defaultConfigurationName = Release;
		};
		4A2A1CC62CD572EC00A14274 /* Build configuration list for PBXNativeTarget "CmdCUITests" */ = {
			isa = XCConfigurationList;
			buildConfigurations = (
				4A2A1CC72CD572EC00A14274 /* Debug */,
				4A2A1CC82CD572EC00A14274 /* Release */,
			);
			defaultConfigurationIsVisible = 0;
			defaultConfigurationName = Release;
		};
		4A2A1CE82CD5732400A14274 /* Build configuration list for PBXNativeTarget "CmdC Extension" */ = {
			isa = XCConfigurationList;
			buildConfigurations = (
				4A2A1CE92CD5732400A14274 /* Debug */,
				4A2A1CEA2CD5732400A14274 /* Release */,
			);
			defaultConfigurationIsVisible = 0;
			defaultConfigurationName = Release;
		};
/* End XCConfigurationList section */
	};
	rootObject = 4A2A1C932CD572EA00A14274 /* Project object */;
}
